
Microsoft Visual Studio Solution File, Format Version 12.00
# Visual Studio Version 17
VisualStudioVersion = 17.7.34202.233
MinimumVisualStudioVersion = 10.0.40219.1
Project("{FAE04EC0-301F-11D3-BF4B-00C04F79EFBC}") = "GUI_Assignment", "GUI_Assignment.csproj", "{2D76982E-D216-42F1-B2B3-DAE02C3894E7}"
EndProject
Global
	GlobalSection(SolutionConfigurationPlatforms) = preSolution
		Debug|Any CPU = Debug|Any CPU
		Release|Any CPU = Release|Any CPU
	EndGlobalSection
	GlobalSection(ProjectConfigurationPlatforms) = postSolution
		{2D76982E-D216-42F1-B2B3-DAE02C3894E7}.Debug|Any CPU.ActiveCfg = Debug|Any CPU
		{2D76982E-D216-42F1-B2B3-DAE02C3894E7}.Debug|Any CPU.Build.0 = Debug|Any CPU
		{2D76982E-D216-42F1-B2B3-DAE02C3894E7}.Release|Any CPU.ActiveCfg = Release|Any CPU
		{2D76982E-D216-42F1-B2B3-DAE02C3894E7}.Release|Any CPU.Build.0 = Release|Any CPU
	EndGlobalSection
	GlobalSection(SolutionProperties) = preSolution
		HideSolutionNode = FALSE
	EndGlobalSection
	GlobalSection(ExtensibilityGlobals) = postSolution
		SolutionGuid = {42D66BE8-B161-4B3F-8695-BD796921DECA}
	EndGlobalSection
EndGlobal
